
Microsoft Visual Studio Solution File, Format Version 12.00
# Visual Studio Version 16
VisualStudioVersion = 16.0.31105.61
MinimumVisualStudioVersion = 10.0.40219.1
Project("{FAE04EC0-301F-11D3-BF4B-00C04F79EFBC}") = "Module2-Demo1", "Module2-Demo1\Module2-Demo1.csproj", "{738EDAAB-A9F4-4415-A138-390A8F5A74A3}"
EndProject
Project("{FAE04EC0-301F-11D3-BF4B-00C04F79EFBC}") = "Module2-Demo3", "Module2-Demo3\Module2-Demo3.csproj", "{A259D095-4A19-4F95-9A97-99E0224972A7}"
EndProject
Project("{FAE04EC0-301F-11D3-BF4B-00C04F79EFBC}") = "Module2-Demo4", "Module2-Demo4\Module2-Demo4.csproj", "{9AD356F6-0FB9-43C8-89F1-F543FB502379}"
EndProject
Project("{FAE04EC0-301F-11D3-BF4B-00C04F79EFBC}") = "Module2-Demo5", "Module2-Demo5\Module2-Demo5.csproj", "{5BAC2328-D02F-45E0-9179-A3C3048A3293}"
EndProject
Project("{FAE04EC0-301F-11D3-BF4B-00C04F79EFBC}") = "Module2-Demo6", "Module2-Demo6\Module2-Demo6.csproj", "{7C0AD183-6214-459A-9C51-B863D1A4A6EE}"
EndProject
Project("{FAE04EC0-301F-11D3-BF4B-00C04F79EFBC}") = "Module2-Demo7", "Module2-Demo7\Module2-Demo7.csproj", "{2E41A779-7FA1-496B-A82B-1C78338F282A}"
EndProject
Project("{FAE04EC0-301F-11D3-BF4B-00C04F79EFBC}") = "Module1-Demo1", "Module1-Demo1\Module1-Demo1.csproj", "{03AB384B-6232-4DF4-9FFD-C1F948D73B61}"
EndProject
Project("{2150E333-8FDC-42A3-9474-1A3956D46DE8}") = "Demos", "Demos", "{AC6972E7-D87A-44D5-A8C9-4F2106CE7692}"
EndProject
Project("{2150E333-8FDC-42A3-9474-1A3956D46DE8}") = "TPs", "TPs", "{EE2D2997-006C-4922-8D12-25D0F1A229F2}"
EndProject
Project("{FAE04EC0-301F-11D3-BF4B-00C04F79EFBC}") = "Module2-Tp1", "Module2-Tp1\Module2-Tp1.csproj", "{52F11128-0785-4DEF-A458-ADBE17ECC992}"
EndProject
Project("{FAE04EC0-301F-11D3-BF4B-00C04F79EFBC}") = "Module3-Demo1", "Module3-Demo1\Module3-Demo1.csproj", "{0CA1D8C7-701B-4DD8-BB19-F0C0AFE3942D}"
EndProject
Project("{FAE04EC0-301F-11D3-BF4B-00C04F79EFBC}") = "Module3-Demo2", "Module3-Demo2\Module3-Demo2.csproj", "{D71B8FB4-1993-4B8C-8C29-D4AD22B6B55A}"
EndProject
Project("{FAE04EC0-301F-11D3-BF4B-00C04F79EFBC}") = "Module3-Demo3", "Module3-Demo3\Module3-Demo3.csproj", "{1742D0B0-2CCA-4DF8-84C8-ED7177F0392F}"
EndProject
Project("{FAE04EC0-301F-11D3-BF4B-00C04F79EFBC}") = "Module3-Tp1", "Module3-Tp1\Module3-Tp1.csproj", "{1A250C46-9202-4CF2-8CA8-FF87F1AE5748}"
EndProject
Project("{FAE04EC0-301F-11D3-BF4B-00C04F79EFBC}") = "Module4-Demo1", "Module4-Demo1\Module4-Demo1.csproj", "{02BB6698-A3CB-4816-9584-549113FA4C59}"
EndProject
Project("{FAE04EC0-301F-11D3-BF4B-00C04F79EFBC}") = "Module5-Demo1", "Module5-Demo1\Module5-Demo1.csproj", "{034FE42E-8595-4E8C-9501-B24898CAB410}"
EndProject
Global
	GlobalSection(SolutionConfigurationPlatforms) = preSolution
		Debug|Any CPU = Debug|Any CPU
		Release|Any CPU = Release|Any CPU
	EndGlobalSection
	GlobalSection(ProjectConfigurationPlatforms) = postSolution
		{738EDAAB-A9F4-4415-A138-390A8F5A74A3}.Debug|Any CPU.ActiveCfg = Debug|Any CPU
		{738EDAAB-A9F4-4415-A138-390A8F5A74A3}.Debug|Any CPU.Build.0 = Debug|Any CPU
		{738EDAAB-A9F4-4415-A138-390A8F5A74A3}.Release|Any CPU.ActiveCfg = Release|Any CPU
		{738EDAAB-A9F4-4415-A138-390A8F5A74A3}.Release|Any CPU.Build.0 = Release|Any CPU
		{A259D095-4A19-4F95-9A97-99E0224972A7}.Debug|Any CPU.ActiveCfg = Debug|Any CPU
		{A259D095-4A19-4F95-9A97-99E0224972A7}.Debug|Any CPU.Build.0 = Debug|Any CPU
		{A259D095-4A19-4F95-9A97-99E0224972A7}.Release|Any CPU.ActiveCfg = Release|Any CPU
		{A259D095-4A19-4F95-9A97-99E0224972A7}.Release|Any CPU.Build.0 = Release|Any CPU
		{9AD356F6-0FB9-43C8-89F1-F543FB502379}.Debug|Any CPU.ActiveCfg = Debug|Any CPU
		{9AD356F6-0FB9-43C8-89F1-F543FB502379}.Debug|Any CPU.Build.0 = Debug|Any CPU
		{9AD356F6-0FB9-43C8-89F1-F543FB502379}.Release|Any CPU.ActiveCfg = Release|Any CPU
		{9AD356F6-0FB9-43C8-89F1-F543FB502379}.Release|Any CPU.Build.0 = Release|Any CPU
		{5BAC2328-D02F-45E0-9179-A3C3048A3293}.Debug|Any CPU.ActiveCfg = Debug|Any CPU
		{5BAC2328-D02F-45E0-9179-A3C3048A3293}.Debug|Any CPU.Build.0 = Debug|Any CPU
		{5BAC2328-D02F-45E0-9179-A3C3048A3293}.Release|Any CPU.ActiveCfg = Release|Any CPU
		{5BAC2328-D02F-45E0-9179-A3C3048A3293}.Release|Any CPU.Build.0 = Release|Any CPU
		{7C0AD183-6214-459A-9C51-B863D1A4A6EE}.Debug|Any CPU.ActiveCfg = Debug|Any CPU
		{7C0AD183-6214-459A-9C51-B863D1A4A6EE}.Debug|Any CPU.Build.0 = Debug|Any CPU
		{7C0AD183-6214-459A-9C51-B863D1A4A6EE}.Release|Any CPU.ActiveCfg = Release|Any CPU
		{7C0AD183-6214-459A-9C51-B863D1A4A6EE}.Release|Any CPU.Build.0 = Release|Any CPU
		{2E41A779-7FA1-496B-A82B-1C78338F282A}.Debug|Any CPU.ActiveCfg = Debug|Any CPU
		{2E41A779-7FA1-496B-A82B-1C78338F282A}.Debug|Any CPU.Build.0 = Debug|Any CPU
		{2E41A779-7FA1-496B-A82B-1C78338F282A}.Release|Any CPU.ActiveCfg = Release|Any CPU
		{2E41A779-7FA1-496B-A82B-1C78338F282A}.Release|Any CPU.Build.0 = Release|Any CPU
		{03AB384B-6232-4DF4-9FFD-C1F948D73B61}.Debug|Any CPU.ActiveCfg = Debug|Any CPU
		{03AB384B-6232-4DF4-9FFD-C1F948D73B61}.Debug|Any CPU.Build.0 = Debug|Any CPU
		{03AB384B-6232-4DF4-9FFD-C1F948D73B61}.Release|Any CPU.ActiveCfg = Release|Any CPU
		{03AB384B-6232-4DF4-9FFD-C1F948D73B61}.Release|Any CPU.Build.0 = Release|Any CPU
		{52F11128-0785-4DEF-A458-ADBE17ECC992}.Debug|Any CPU.ActiveCfg = Debug|Any CPU
		{52F11128-0785-4DEF-A458-ADBE17ECC992}.Debug|Any CPU.Build.0 = Debug|Any CPU
		{52F11128-0785-4DEF-A458-ADBE17ECC992}.Release|Any CPU.ActiveCfg = Release|Any CPU
		{52F11128-0785-4DEF-A458-ADBE17ECC992}.Release|Any CPU.Build.0 = Release|Any CPU
		{0CA1D8C7-701B-4DD8-BB19-F0C0AFE3942D}.Debug|Any CPU.ActiveCfg = Debug|Any CPU
		{0CA1D8C7-701B-4DD8-BB19-F0C0AFE3942D}.Debug|Any CPU.Build.0 = Debug|Any CPU
		{0CA1D8C7-701B-4DD8-BB19-F0C0AFE3942D}.Release|Any CPU.ActiveCfg = Release|Any CPU
		{0CA1D8C7-701B-4DD8-BB19-F0C0AFE3942D}.Release|Any CPU.Build.0 = Release|Any CPU
		{D71B8FB4-1993-4B8C-8C29-D4AD22B6B55A}.Debug|Any CPU.ActiveCfg = Debug|Any CPU
		{D71B8FB4-1993-4B8C-8C29-D4AD22B6B55A}.Debug|Any CPU.Build.0 = Debug|Any CPU
		{D71B8FB4-1993-4B8C-8C29-D4AD22B6B55A}.Release|Any CPU.ActiveCfg = Release|Any CPU
		{D71B8FB4-1993-4B8C-8C29-D4AD22B6B55A}.Release|Any CPU.Build.0 = Release|Any CPU
		{1742D0B0-2CCA-4DF8-84C8-ED7177F0392F}.Debug|Any CPU.ActiveCfg = Debug|Any CPU
		{1742D0B0-2CCA-4DF8-84C8-ED7177F0392F}.Debug|Any CPU.Build.0 = Debug|Any CPU
		{1742D0B0-2CCA-4DF8-84C8-ED7177F0392F}.Release|Any CPU.ActiveCfg = Release|Any CPU
		{1742D0B0-2CCA-4DF8-84C8-ED7177F0392F}.Release|Any CPU.Build.0 = Release|Any CPU
		{1A250C46-9202-4CF2-8CA8-FF87F1AE5748}.Debug|Any CPU.ActiveCfg = Debug|Any CPU
		{1A250C46-9202-4CF2-8CA8-FF87F1AE5748}.Debug|Any CPU.Build.0 = Debug|Any CPU
		{1A250C46-9202-4CF2-8CA8-FF87F1AE5748}.Release|Any CPU.ActiveCfg = Release|Any CPU
		{1A250C46-9202-4CF2-8CA8-FF87F1AE5748}.Release|Any CPU.Build.0 = Release|Any CPU
		{02BB6698-A3CB-4816-9584-549113FA4C59}.Debug|Any CPU.ActiveCfg = Debug|Any CPU
		{02BB6698-A3CB-4816-9584-549113FA4C59}.Debug|Any CPU.Build.0 = Debug|Any CPU
		{02BB6698-A3CB-4816-9584-549113FA4C59}.Release|Any CPU.ActiveCfg = Release|Any CPU
		{02BB6698-A3CB-4816-9584-549113FA4C59}.Release|Any CPU.Build.0 = Release|Any CPU
		{034FE42E-8595-4E8C-9501-B24898CAB410}.Debug|Any CPU.ActiveCfg = Debug|Any CPU
		{034FE42E-8595-4E8C-9501-B24898CAB410}.Debug|Any CPU.Build.0 = Debug|Any CPU
		{034FE42E-8595-4E8C-9501-B24898CAB410}.Release|Any CPU.ActiveCfg = Release|Any CPU
		{034FE42E-8595-4E8C-9501-B24898CAB410}.Release|Any CPU.Build.0 = Release|Any CPU
	EndGlobalSection
	GlobalSection(SolutionProperties) = preSolution
		HideSolutionNode = FALSE
	EndGlobalSection
	GlobalSection(NestedProjects) = preSolution
		{738EDAAB-A9F4-4415-A138-390A8F5A74A3} = {AC6972E7-D87A-44D5-A8C9-4F2106CE7692}
		{A259D095-4A19-4F95-9A97-99E0224972A7} = {AC6972E7-D87A-44D5-A8C9-4F2106CE7692}
		{9AD356F6-0FB9-43C8-89F1-F543FB502379} = {AC6972E7-D87A-44D5-A8C9-4F2106CE7692}
		{5BAC2328-D02F-45E0-9179-A3C3048A3293} = {AC6972E7-D87A-44D5-A8C9-4F2106CE7692}
		{7C0AD183-6214-459A-9C51-B863D1A4A6EE} = {AC6972E7-D87A-44D5-A8C9-4F2106CE7692}
		{2E41A779-7FA1-496B-A82B-1C78338F282A} = {AC6972E7-D87A-44D5-A8C9-4F2106CE7692}
		{03AB384B-6232-4DF4-9FFD-C1F948D73B61} = {AC6972E7-D87A-44D5-A8C9-4F2106CE7692}
		{52F11128-0785-4DEF-A458-ADBE17ECC992} = {EE2D2997-006C-4922-8D12-25D0F1A229F2}
		{0CA1D8C7-701B-4DD8-BB19-F0C0AFE3942D} = {AC6972E7-D87A-44D5-A8C9-4F2106CE7692}
		{D71B8FB4-1993-4B8C-8C29-D4AD22B6B55A} = {AC6972E7-D87A-44D5-A8C9-4F2106CE7692}
		{1742D0B0-2CCA-4DF8-84C8-ED7177F0392F} = {AC6972E7-D87A-44D5-A8C9-4F2106CE7692}
		{1A250C46-9202-4CF2-8CA8-FF87F1AE5748} = {EE2D2997-006C-4922-8D12-25D0F1A229F2}
		{02BB6698-A3CB-4816-9584-549113FA4C59} = {AC6972E7-D87A-44D5-A8C9-4F2106CE7692}
		{034FE42E-8595-4E8C-9501-B24898CAB410} = {AC6972E7-D87A-44D5-A8C9-4F2106CE7692}
	EndGlobalSection
	GlobalSection(ExtensibilityGlobals) = postSolution
		SolutionGuid = {C55898B1-4791-4EA0-AFC6-CE075E418CC8}
	EndGlobalSection
EndGlobal
